
Microsoft Visual Studio Solution File, Format Version 12.00
Project("{FAE04EC0-301F-11D3-BF4B-00C04F79EFBC}") = "Test.Domain", "Test.Domain\Test.Domain.csproj", "{03AA4211-5E7F-4097-BC3B-B3C1E7EBED47}"
EndProject
Project("{FAE04EC0-301F-11D3-BF4B-00C04F79EFBC}") = "Test.API", "Test.API\Test.API.csproj", "{47B24CCD-4834-4D80-A0A2-64E529B0E37B}"
EndProject
Project("{FAE04EC0-301F-11D3-BF4B-00C04F79EFBC}") = "Test.Repository", "Test.Repository\Test.Repository.csproj", "{841005CC-C5E8-4A5E-952B-A8186046764F}"
EndProject
Project("{FAE04EC0-301F-11D3-BF4B-00C04F79EFBC}") = "Test.DbRepository", "Test.DbRepository\Test.DbRepository.csproj", "{B842F2E9-9FE9-4A84-B7F1-0EC82BFCE14C}"
EndProject
Project("{FAE04EC0-301F-11D3-BF4B-00C04F79EFBC}") = "Test.Application", "Test.Application\Test.Application.csproj", "{6C482A8A-7DB3-49D3-835E-86D4D5C7FD01}"
EndProject
Project("{FAE04EC0-301F-11D3-BF4B-00C04F79EFBC}") = "Test.Migrations", "Test.Migrations\Test.Migrations.csproj", "{C30375DC-1F7C-4329-8028-E0504CF3F6C6}"
EndProject
Project("{2150E333-8FDC-42A3-9474-1A3956D46DE8}") = "Database", "Database", "{8E30E2A9-0126-4C92-873C-D92529CA6653}"
EndProject
Project("{2150E333-8FDC-42A3-9474-1A3956D46DE8}") = "Tests", "Tests", "{729F091F-196E-4AC6-BE41-5E3D2B389BA0}"
EndProject
Project("{FAE04EC0-301F-11D3-BF4B-00C04F79EFBC}") = "Test.Application.UnitTests", "Test.Application.UnitTests\Test.Application.UnitTests.csproj", "{C73CCF50-2EEA-4D5D-B763-AD4556C08AEB}"
EndProject
Global
	GlobalSection(SolutionConfigurationPlatforms) = preSolution
		Debug|Any CPU = Debug|Any CPU
		Release|Any CPU = Release|Any CPU
	EndGlobalSection
	GlobalSection(ProjectConfigurationPlatforms) = postSolution
		{03AA4211-5E7F-4097-BC3B-B3C1E7EBED47}.Debug|Any CPU.ActiveCfg = Debug|Any CPU
		{03AA4211-5E7F-4097-BC3B-B3C1E7EBED47}.Debug|Any CPU.Build.0 = Debug|Any CPU
		{03AA4211-5E7F-4097-BC3B-B3C1E7EBED47}.Release|Any CPU.ActiveCfg = Release|Any CPU
		{03AA4211-5E7F-4097-BC3B-B3C1E7EBED47}.Release|Any CPU.Build.0 = Release|Any CPU
		{47B24CCD-4834-4D80-A0A2-64E529B0E37B}.Debug|Any CPU.ActiveCfg = Debug|Any CPU
		{47B24CCD-4834-4D80-A0A2-64E529B0E37B}.Debug|Any CPU.Build.0 = Debug|Any CPU
		{47B24CCD-4834-4D80-A0A2-64E529B0E37B}.Release|Any CPU.ActiveCfg = Release|Any CPU
		{47B24CCD-4834-4D80-A0A2-64E529B0E37B}.Release|Any CPU.Build.0 = Release|Any CPU
		{841005CC-C5E8-4A5E-952B-A8186046764F}.Debug|Any CPU.ActiveCfg = Debug|Any CPU
		{841005CC-C5E8-4A5E-952B-A8186046764F}.Debug|Any CPU.Build.0 = Debug|Any CPU
		{841005CC-C5E8-4A5E-952B-A8186046764F}.Release|Any CPU.ActiveCfg = Release|Any CPU
		{841005CC-C5E8-4A5E-952B-A8186046764F}.Release|Any CPU.Build.0 = Release|Any CPU
		{B842F2E9-9FE9-4A84-B7F1-0EC82BFCE14C}.Debug|Any CPU.ActiveCfg = Debug|Any CPU
		{B842F2E9-9FE9-4A84-B7F1-0EC82BFCE14C}.Debug|Any CPU.Build.0 = Debug|Any CPU
		{B842F2E9-9FE9-4A84-B7F1-0EC82BFCE14C}.Release|Any CPU.ActiveCfg = Release|Any CPU
		{B842F2E9-9FE9-4A84-B7F1-0EC82BFCE14C}.Release|Any CPU.Build.0 = Release|Any CPU
		{6C482A8A-7DB3-49D3-835E-86D4D5C7FD01}.Debug|Any CPU.ActiveCfg = Debug|Any CPU
		{6C482A8A-7DB3-49D3-835E-86D4D5C7FD01}.Debug|Any CPU.Build.0 = Debug|Any CPU
		{6C482A8A-7DB3-49D3-835E-86D4D5C7FD01}.Release|Any CPU.ActiveCfg = Release|Any CPU
		{6C482A8A-7DB3-49D3-835E-86D4D5C7FD01}.Release|Any CPU.Build.0 = Release|Any CPU
		{C30375DC-1F7C-4329-8028-E0504CF3F6C6}.Debug|Any CPU.ActiveCfg = Debug|Any CPU
		{C30375DC-1F7C-4329-8028-E0504CF3F6C6}.Debug|Any CPU.Build.0 = Debug|Any CPU
		{C30375DC-1F7C-4329-8028-E0504CF3F6C6}.Release|Any CPU.ActiveCfg = Release|Any CPU
		{C30375DC-1F7C-4329-8028-E0504CF3F6C6}.Release|Any CPU.Build.0 = Release|Any CPU
		{C73CCF50-2EEA-4D5D-B763-AD4556C08AEB}.Debug|Any CPU.ActiveCfg = Debug|Any CPU
		{C73CCF50-2EEA-4D5D-B763-AD4556C08AEB}.Debug|Any CPU.Build.0 = Debug|Any CPU
		{C73CCF50-2EEA-4D5D-B763-AD4556C08AEB}.Release|Any CPU.ActiveCfg = Release|Any CPU
		{C73CCF50-2EEA-4D5D-B763-AD4556C08AEB}.Release|Any CPU.Build.0 = Release|Any CPU
	EndGlobalSection
	GlobalSection(NestedProjects) = preSolution
		{C30375DC-1F7C-4329-8028-E0504CF3F6C6} = {8E30E2A9-0126-4C92-873C-D92529CA6653}
		{C73CCF50-2EEA-4D5D-B763-AD4556C08AEB} = {729F091F-196E-4AC6-BE41-5E3D2B389BA0}
	EndGlobalSection
EndGlobal
